
Microsoft Visual Studio Solution File, Format Version 12.00
# Visual Studio Version 16
VisualStudioVersion = 16.0.30330.147
MinimumVisualStudioVersion = 10.0.40219.1
Project("{8BC9CEB8-8B4A-11D0-8D11-00A0C91BC942}") = "SFML-game-lab5", "SFML-game-lab5\SFML-game-lab5.vcxproj", "{4E6F4F0A-8C3D-445D-A00A-F2ED8DAC18A8}"
EndProject
Global
	GlobalSection(SolutionConfigurationPlatforms) = preSolution
		Debug|x64 = Debug|x64
		Debug|x86 = Debug|x86
		Release|x64 = Release|x64
		Release|x86 = Release|x86
	EndGlobalSection
	GlobalSection(ProjectConfigurationPlatforms) = postSolution
		{4E6F4F0A-8C3D-445D-A00A-F2ED8DAC18A8}.Debug|x64.ActiveCfg = Debug|x64
		{4E6F4F0A-8C3D-445D-A00A-F2ED8DAC18A8}.Debug|x64.Build.0 = Debug|x64
		{4E6F4F0A-8C3D-445D-A00A-F2ED8DAC18A8}.Debug|x86.ActiveCfg = Debug|x64
		{4E6F4F0A-8C3D-445D-A00A-F2ED8DAC18A8}.Debug|x86.Build.0 = Debug|x64
		{4E6F4F0A-8C3D-445D-A00A-F2ED8DAC18A8}.Release|x64.ActiveCfg = Release|x64
		{4E6F4F0A-8C3D-445D-A00A-F2ED8DAC18A8}.Release|x64.Build.0 = Release|x64
		{4E6F4F0A-8C3D-445D-A00A-F2ED8DAC18A8}.Release|x86.ActiveCfg = Release|Win32
		{4E6F4F0A-8C3D-445D-A00A-F2ED8DAC18A8}.Release|x86.Build.0 = Release|Win32
	EndGlobalSection
	GlobalSection(SolutionProperties) = preSolution
		HideSolutionNode = FALSE
	EndGlobalSection
	GlobalSection(ExtensibilityGlobals) = postSolution
		SolutionGuid = {7A2F50C1-B6CE-42BD-BEE1-FA979982E913}
	EndGlobalSection
EndGlobal
